
Microsoft Visual Studio Solution File, Format Version 12.00
# Visual Studio Version 16
VisualStudioVersion = 16.0.29728.190
MinimumVisualStudioVersion = 10.0.40219.1
Project("{2150E333-8FDC-42A3-9474-1A3956D46DE8}") = "Libraries", "Libraries", "{A7D28E0C-BB96-444D-AAB0-F22A6483FE5F}"
EndProject
Project("{8BC9CEB8-8B4A-11D0-8D11-00A0C91BC942}") = "libZRCola", "lib\libZRCola\build\libZRCola.vcxproj", "{3C61929E-7289-4101-8D0A-DA22D6E1AEA8}"
EndProject
Project("{2150E333-8FDC-42A3-9474-1A3956D46DE8}") = "Solution Items", "Solution Items", "{ECE3F336-FFD2-41EE-AD8F-17BD7472BDCB}"
	ProjectSection(SolutionItems) = preProject
		include\version.h = include\version.h
	EndProjectSection
EndProject
Project("{8BC9CEB8-8B4A-11D0-8D11-00A0C91BC942}") = "ZRColaCompile", "ZRColaCompile\ZRColaCompile.vcxproj", "{87A3ADEC-1BE4-42E4-92B8-B742F3D21BC4}"
EndProject
Project("{8BC9CEB8-8B4A-11D0-8D11-00A0C91BC942}") = "wxExtend", "lib\wxExtend\build\wxExtendLib.vcxproj", "{D3E29951-D9F5-486D-A167-20AE8E90B1FA}"
EndProject
Project("{8BC9CEB8-8B4A-11D0-8D11-00A0C91BC942}") = "libZRColaUI", "lib\libZRColaUI\build\libZRColaUI.vcxproj", "{C0A84BD2-3870-4CD6-B281-0AB322E3C579}"
EndProject
Project("{8BC9CEB8-8B4A-11D0-8D11-00A0C91BC942}") = "ZRColaInstall", "ZRColaInstall\ZRColaInstall.vcxproj", "{5BD95B95-38B0-4C7D-9471-F99CA1203DF4}"
EndProject
Global
	GlobalSection(SolutionConfigurationPlatforms) = preSolution
		Debug|Win32 = Debug|Win32
		Release|Win32 = Release|Win32
	EndGlobalSection
	GlobalSection(ProjectConfigurationPlatforms) = postSolution
		{3C61929E-7289-4101-8D0A-DA22D6E1AEA8}.Debug|Win32.ActiveCfg = Debug|Win32
		{3C61929E-7289-4101-8D0A-DA22D6E1AEA8}.Debug|Win32.Build.0 = Debug|Win32
		{3C61929E-7289-4101-8D0A-DA22D6E1AEA8}.Release|Win32.ActiveCfg = Release|Win32
		{3C61929E-7289-4101-8D0A-DA22D6E1AEA8}.Release|Win32.Build.0 = Release|Win32
		{87A3ADEC-1BE4-42E4-92B8-B742F3D21BC4}.Debug|Win32.ActiveCfg = Debug|Win32
		{87A3ADEC-1BE4-42E4-92B8-B742F3D21BC4}.Debug|Win32.Build.0 = Debug|Win32
		{87A3ADEC-1BE4-42E4-92B8-B742F3D21BC4}.Release|Win32.ActiveCfg = Release|Win32
		{87A3ADEC-1BE4-42E4-92B8-B742F3D21BC4}.Release|Win32.Build.0 = Release|Win32
		{D3E29951-D9F5-486D-A167-20AE8E90B1FA}.Debug|Win32.ActiveCfg = Debug|Win32
		{D3E29951-D9F5-486D-A167-20AE8E90B1FA}.Debug|Win32.Build.0 = Debug|Win32
		{D3E29951-D9F5-486D-A167-20AE8E90B1FA}.Release|Win32.ActiveCfg = Release|Win32
		{D3E29951-D9F5-486D-A167-20AE8E90B1FA}.Release|Win32.Build.0 = Release|Win32
		{C0A84BD2-3870-4CD6-B281-0AB322E3C579}.Debug|Win32.ActiveCfg = Debug|Win32
		{C0A84BD2-3870-4CD6-B281-0AB322E3C579}.Debug|Win32.Build.0 = Debug|Win32
		{C0A84BD2-3870-4CD6-B281-0AB322E3C579}.Release|Win32.ActiveCfg = Release|Win32
		{C0A84BD2-3870-4CD6-B281-0AB322E3C579}.Release|Win32.Build.0 = Release|Win32
		{5BD95B95-38B0-4C7D-9471-F99CA1203DF4}.Debug|Win32.ActiveCfg = Debug|Win32
		{5BD95B95-38B0-4C7D-9471-F99CA1203DF4}.Debug|Win32.Build.0 = Debug|Win32
		{5BD95B95-38B0-4C7D-9471-F99CA1203DF4}.Release|Win32.ActiveCfg = Release|Win32
		{5BD95B95-38B0-4C7D-9471-F99CA1203DF4}.Release|Win32.Build.0 = Release|Win32
	EndGlobalSection
	GlobalSection(SolutionProperties) = preSolution
		HideSolutionNode = FALSE
	EndGlobalSection
	GlobalSection(NestedProjects) = preSolution
		{3C61929E-7289-4101-8D0A-DA22D6E1AEA8} = {A7D28E0C-BB96-444D-AAB0-F22A6483FE5F}
		{D3E29951-D9F5-486D-A167-20AE8E90B1FA} = {A7D28E0C-BB96-444D-AAB0-F22A6483FE5F}
		{C0A84BD2-3870-4CD6-B281-0AB322E3C579} = {A7D28E0C-BB96-444D-AAB0-F22A6483FE5F}
	EndGlobalSection
	GlobalSection(ExtensibilityGlobals) = postSolution
		SolutionGuid = {22B0355E-423C-4ACC-81F8-DAD72A8BEC0E}
	EndGlobalSection
EndGlobal
