
Microsoft Visual Studio Solution File, Format Version 11.00
# Visual Studio 2010
Project("{2150E333-8FDC-42A3-9474-1A3956D46DE8}") = "Libraries", "Libraries", "{A7D28E0C-BB96-444D-AAB0-F22A6483FE5F}"
EndProject
Project("{8BC9CEB8-8B4A-11D0-8D11-00A0C91BC942}") = "libZRCola", "lib\libZRCola\build\libZRCola.vcxproj", "{3C61929E-7289-4101-8D0A-DA22D6E1AEA8}"
EndProject
Project("{2150E333-8FDC-42A3-9474-1A3956D46DE8}") = "Solution Items", "Solution Items", "{ECE3F336-FFD2-41EE-AD8F-17BD7472BDCB}"
	ProjectSection(SolutionItems) = preProject
		include\zrcola.h = include\zrcola.h
	EndProjectSection
EndProject
Project("{8BC9CEB8-8B4A-11D0-8D11-00A0C91BC942}") = "ZRColaCompile", "ZRColaCompile\ZRColaCompile.vcxproj", "{87A3ADEC-1BE4-42E4-92B8-B742F3D21BC4}"
EndProject
Project("{8BC9CEB8-8B4A-11D0-8D11-00A0C91BC942}") = "wxExtend", "lib\wxExtend\build\wxExtendDll.vcxproj", "{A3A36689-AC35-4026-93DA-A3BA0C0E767C}"
EndProject
Project("{8BC9CEB8-8B4A-11D0-8D11-00A0C91BC942}") = "stdex", "lib\stdex\build\stdex.vcxproj", "{518777CC-0A59-4415-A12A-82751ED75343}"
EndProject
Project("{8BC9CEB8-8B4A-11D0-8D11-00A0C91BC942}") = "libZRColaUI", "lib\libZRColaUI\build\libZRColaUI.vcxproj", "{C0A84BD2-3870-4CD6-B281-0AB322E3C579}"
EndProject
Project("{2150E333-8FDC-42A3-9474-1A3956D46DE8}") = "ZRColaInstall", "ZRColaInstall", "{7F5D45A3-B3D2-4B1D-B258-9B83395786E6}"
EndProject
Project("{8BC9CEB8-8B4A-11D0-8D11-00A0C91BC942}") = "ZRColaInstallSl", "ZRColaInstall\ZRColaInstallSl.vcxproj", "{0C2C89C2-C96B-41B6-AA99-7E7741E20F3A}"
EndProject
Project("{8BC9CEB8-8B4A-11D0-8D11-00A0C91BC942}") = "ZRColaInstallDe", "ZRColaInstall\ZRColaInstallDe.vcxproj", "{620D6AC0-C8FF-4185-B820-DB1503ACB95C}"
EndProject
Project("{8BC9CEB8-8B4A-11D0-8D11-00A0C91BC942}") = "ZRColaInstallEn", "ZRColaInstall\ZRColaInstallEn.vcxproj", "{5BD95B95-38B0-4C7D-9471-F99CA1203DF4}"
EndProject
Project("{8BC9CEB8-8B4A-11D0-8D11-00A0C91BC942}") = "ZRColaInstallRu", "ZRColaInstall\ZRColaInstallRu.vcxproj", "{2551B561-5E5B-497E-AE01-11519F91EF19}"
EndProject
Project("{8BC9CEB8-8B4A-11D0-8D11-00A0C91BC942}") = "WinStd", "lib\WinStd\build\WinStd.vcxproj", "{47399D91-7EB9-41DE-B521-514BA5DB0C43}"
EndProject
Global
	GlobalSection(SolutionConfigurationPlatforms) = preSolution
		Debug|Win32 = Debug|Win32
		Debug|x64 = Debug|x64
		Release|Win32 = Release|Win32
		Release|x64 = Release|x64
	EndGlobalSection
	GlobalSection(ProjectConfigurationPlatforms) = postSolution
		{3C61929E-7289-4101-8D0A-DA22D6E1AEA8}.Debug|Win32.ActiveCfg = Debug|Win32
		{3C61929E-7289-4101-8D0A-DA22D6E1AEA8}.Debug|Win32.Build.0 = Debug|Win32
		{3C61929E-7289-4101-8D0A-DA22D6E1AEA8}.Debug|x64.ActiveCfg = Debug|x64
		{3C61929E-7289-4101-8D0A-DA22D6E1AEA8}.Debug|x64.Build.0 = Debug|x64
		{3C61929E-7289-4101-8D0A-DA22D6E1AEA8}.Release|Win32.ActiveCfg = Release|Win32
		{3C61929E-7289-4101-8D0A-DA22D6E1AEA8}.Release|Win32.Build.0 = Release|Win32
		{3C61929E-7289-4101-8D0A-DA22D6E1AEA8}.Release|x64.ActiveCfg = Release|x64
		{3C61929E-7289-4101-8D0A-DA22D6E1AEA8}.Release|x64.Build.0 = Release|x64
		{87A3ADEC-1BE4-42E4-92B8-B742F3D21BC4}.Debug|Win32.ActiveCfg = Debug|Win32
		{87A3ADEC-1BE4-42E4-92B8-B742F3D21BC4}.Debug|Win32.Build.0 = Debug|Win32
		{87A3ADEC-1BE4-42E4-92B8-B742F3D21BC4}.Debug|x64.ActiveCfg = Debug|Win32
		{87A3ADEC-1BE4-42E4-92B8-B742F3D21BC4}.Release|Win32.ActiveCfg = Release|Win32
		{87A3ADEC-1BE4-42E4-92B8-B742F3D21BC4}.Release|Win32.Build.0 = Release|Win32
		{87A3ADEC-1BE4-42E4-92B8-B742F3D21BC4}.Release|x64.ActiveCfg = Release|Win32
		{A3A36689-AC35-4026-93DA-A3BA0C0E767C}.Debug|Win32.ActiveCfg = Debug|Win32
		{A3A36689-AC35-4026-93DA-A3BA0C0E767C}.Debug|Win32.Build.0 = Debug|Win32
		{A3A36689-AC35-4026-93DA-A3BA0C0E767C}.Debug|x64.ActiveCfg = Debug|x64
		{A3A36689-AC35-4026-93DA-A3BA0C0E767C}.Debug|x64.Build.0 = Debug|x64
		{A3A36689-AC35-4026-93DA-A3BA0C0E767C}.Release|Win32.ActiveCfg = Release|Win32
		{A3A36689-AC35-4026-93DA-A3BA0C0E767C}.Release|Win32.Build.0 = Release|Win32
		{A3A36689-AC35-4026-93DA-A3BA0C0E767C}.Release|x64.ActiveCfg = Release|x64
		{A3A36689-AC35-4026-93DA-A3BA0C0E767C}.Release|x64.Build.0 = Release|x64
		{518777CC-0A59-4415-A12A-82751ED75343}.Debug|Win32.ActiveCfg = Debug|Win32
		{518777CC-0A59-4415-A12A-82751ED75343}.Debug|Win32.Build.0 = Debug|Win32
		{518777CC-0A59-4415-A12A-82751ED75343}.Debug|x64.ActiveCfg = Debug|x64
		{518777CC-0A59-4415-A12A-82751ED75343}.Debug|x64.Build.0 = Debug|x64
		{518777CC-0A59-4415-A12A-82751ED75343}.Release|Win32.ActiveCfg = Release|Win32
		{518777CC-0A59-4415-A12A-82751ED75343}.Release|Win32.Build.0 = Release|Win32
		{518777CC-0A59-4415-A12A-82751ED75343}.Release|x64.ActiveCfg = Release|x64
		{518777CC-0A59-4415-A12A-82751ED75343}.Release|x64.Build.0 = Release|x64
		{C0A84BD2-3870-4CD6-B281-0AB322E3C579}.Debug|Win32.ActiveCfg = Debug|Win32
		{C0A84BD2-3870-4CD6-B281-0AB322E3C579}.Debug|Win32.Build.0 = Debug|Win32
		{C0A84BD2-3870-4CD6-B281-0AB322E3C579}.Debug|x64.ActiveCfg = Debug|x64
		{C0A84BD2-3870-4CD6-B281-0AB322E3C579}.Debug|x64.Build.0 = Debug|x64
		{C0A84BD2-3870-4CD6-B281-0AB322E3C579}.Release|Win32.ActiveCfg = Release|Win32
		{C0A84BD2-3870-4CD6-B281-0AB322E3C579}.Release|Win32.Build.0 = Release|Win32
		{C0A84BD2-3870-4CD6-B281-0AB322E3C579}.Release|x64.ActiveCfg = Release|x64
		{C0A84BD2-3870-4CD6-B281-0AB322E3C579}.Release|x64.Build.0 = Release|x64
		{0C2C89C2-C96B-41B6-AA99-7E7741E20F3A}.Debug|Win32.ActiveCfg = Debug|Win32
		{0C2C89C2-C96B-41B6-AA99-7E7741E20F3A}.Debug|Win32.Build.0 = Debug|Win32
		{0C2C89C2-C96B-41B6-AA99-7E7741E20F3A}.Debug|x64.ActiveCfg = Debug|Win32
		{0C2C89C2-C96B-41B6-AA99-7E7741E20F3A}.Release|Win32.ActiveCfg = Release|Win32
		{0C2C89C2-C96B-41B6-AA99-7E7741E20F3A}.Release|Win32.Build.0 = Release|Win32
		{0C2C89C2-C96B-41B6-AA99-7E7741E20F3A}.Release|x64.ActiveCfg = Release|Win32
		{620D6AC0-C8FF-4185-B820-DB1503ACB95C}.Debug|Win32.ActiveCfg = Debug|Win32
		{620D6AC0-C8FF-4185-B820-DB1503ACB95C}.Debug|Win32.Build.0 = Debug|Win32
		{620D6AC0-C8FF-4185-B820-DB1503ACB95C}.Debug|x64.ActiveCfg = Debug|Win32
		{620D6AC0-C8FF-4185-B820-DB1503ACB95C}.Release|Win32.ActiveCfg = Release|Win32
		{620D6AC0-C8FF-4185-B820-DB1503ACB95C}.Release|Win32.Build.0 = Release|Win32
		{620D6AC0-C8FF-4185-B820-DB1503ACB95C}.Release|x64.ActiveCfg = Release|Win32
		{5BD95B95-38B0-4C7D-9471-F99CA1203DF4}.Debug|Win32.ActiveCfg = Debug|Win32
		{5BD95B95-38B0-4C7D-9471-F99CA1203DF4}.Debug|Win32.Build.0 = Debug|Win32
		{5BD95B95-38B0-4C7D-9471-F99CA1203DF4}.Debug|x64.ActiveCfg = Debug|Win32
		{5BD95B95-38B0-4C7D-9471-F99CA1203DF4}.Release|Win32.ActiveCfg = Release|Win32
		{5BD95B95-38B0-4C7D-9471-F99CA1203DF4}.Release|Win32.Build.0 = Release|Win32
		{5BD95B95-38B0-4C7D-9471-F99CA1203DF4}.Release|x64.ActiveCfg = Release|Win32
		{2551B561-5E5B-497E-AE01-11519F91EF19}.Debug|Win32.ActiveCfg = Debug|Win32
		{2551B561-5E5B-497E-AE01-11519F91EF19}.Debug|Win32.Build.0 = Debug|Win32
		{2551B561-5E5B-497E-AE01-11519F91EF19}.Debug|x64.ActiveCfg = Debug|Win32
		{2551B561-5E5B-497E-AE01-11519F91EF19}.Release|Win32.ActiveCfg = Release|Win32
		{2551B561-5E5B-497E-AE01-11519F91EF19}.Release|Win32.Build.0 = Release|Win32
		{2551B561-5E5B-497E-AE01-11519F91EF19}.Release|x64.ActiveCfg = Release|Win32
		{47399D91-7EB9-41DE-B521-514BA5DB0C43}.Debug|Win32.ActiveCfg = Debug|Win32
		{47399D91-7EB9-41DE-B521-514BA5DB0C43}.Debug|Win32.Build.0 = Debug|Win32
		{47399D91-7EB9-41DE-B521-514BA5DB0C43}.Debug|x64.ActiveCfg = Debug|x64
		{47399D91-7EB9-41DE-B521-514BA5DB0C43}.Debug|x64.Build.0 = Debug|x64
		{47399D91-7EB9-41DE-B521-514BA5DB0C43}.Release|Win32.ActiveCfg = Release|Win32
		{47399D91-7EB9-41DE-B521-514BA5DB0C43}.Release|Win32.Build.0 = Release|Win32
		{47399D91-7EB9-41DE-B521-514BA5DB0C43}.Release|x64.ActiveCfg = Release|x64
		{47399D91-7EB9-41DE-B521-514BA5DB0C43}.Release|x64.Build.0 = Release|x64
	EndGlobalSection
	GlobalSection(SolutionProperties) = preSolution
		HideSolutionNode = FALSE
	EndGlobalSection
	GlobalSection(NestedProjects) = preSolution
		{3C61929E-7289-4101-8D0A-DA22D6E1AEA8} = {A7D28E0C-BB96-444D-AAB0-F22A6483FE5F}
		{A3A36689-AC35-4026-93DA-A3BA0C0E767C} = {A7D28E0C-BB96-444D-AAB0-F22A6483FE5F}
		{518777CC-0A59-4415-A12A-82751ED75343} = {A7D28E0C-BB96-444D-AAB0-F22A6483FE5F}
		{C0A84BD2-3870-4CD6-B281-0AB322E3C579} = {A7D28E0C-BB96-444D-AAB0-F22A6483FE5F}
		{47399D91-7EB9-41DE-B521-514BA5DB0C43} = {A7D28E0C-BB96-444D-AAB0-F22A6483FE5F}
		{0C2C89C2-C96B-41B6-AA99-7E7741E20F3A} = {7F5D45A3-B3D2-4B1D-B258-9B83395786E6}
		{620D6AC0-C8FF-4185-B820-DB1503ACB95C} = {7F5D45A3-B3D2-4B1D-B258-9B83395786E6}
		{5BD95B95-38B0-4C7D-9471-F99CA1203DF4} = {7F5D45A3-B3D2-4B1D-B258-9B83395786E6}
		{2551B561-5E5B-497E-AE01-11519F91EF19} = {7F5D45A3-B3D2-4B1D-B258-9B83395786E6}
	EndGlobalSection
EndGlobal
