<?xml version="1.0" encoding="utf-8"?>
<Project ToolsVersion="4.0" xmlns="http://schemas.microsoft.com/developer/msbuild/2003">
  <ItemGroup>
    <Filter Include="Source Files">
      <UniqueIdentifier>{4FC737F1-C7A5-4376-A066-2A32D752A2FF}</UniqueIdentifier>
      <Extensions>cpp;c;cc;cxx;def;odl;idl;hpj;bat;asm;asmx</Extensions>
    </Filter>
    <Filter Include="Header Files">
      <UniqueIdentifier>{93995380-89BD-4b04-88EB-625FBE52EBFB}</UniqueIdentifier>
      <Extensions>h;hpp;hxx;hm;inl;inc;xsd</Extensions>
    </Filter>
    <Filter Include="Resource Files">
      <UniqueIdentifier>{67DA6AB6-F800-4c08-8B7A-83BB121AAD01}</UniqueIdentifier>
      <Extensions>rc;ico;cur;bmp;dlg;rc2;rct;bin;rgs;gif;jpg;jpeg;jpe;resx;tiff;tif;png;wav;mfcribbon-ms</Extensions>
    </Filter>
    <Filter Include="Resource Files\Localization">
      <UniqueIdentifier>{e43059ae-37ac-4b28-84fb-18d1b3972b30}</UniqueIdentifier>
      <Extensions>po;pot</Extensions>
    </Filter>
  </ItemGroup>
  <ItemGroup>
    <ClCompile Include="stdafx.cpp">
      <Filter>Source Files</Filter>
    </ClCompile>
    <ClCompile Include="zrcolaapp.cpp">
      <Filter>Source Files</Filter>
    </ClCompile>
    <ClCompile Include="zrcolagui.cpp">
      <Filter>Source Files</Filter>
    </ClCompile>
    <ClCompile Include="zrcolacomppnl.cpp">
      <Filter>Source Files</Filter>
    </ClCompile>
    <ClCompile Include="zrcolafrm.cpp">
      <Filter>Source Files</Filter>
    </ClCompile>
    <ClCompile Include="zrcolakeyhndlr.cpp">
      <Filter>Source Files</Filter>
    </ClCompile>
    <ClCompile Include="zrcolachrgrid.cpp">
      <Filter>Source Files</Filter>
    </ClCompile>
    <ClCompile Include="zrcolachrcatpnl.cpp">
      <Filter>Source Files</Filter>
    </ClCompile>
    <ClCompile Include="zrcolachrslct.cpp">
      <Filter>Source Files</Filter>
    </ClCompile>
    <ClCompile Include="zrcolasettings.cpp">
      <Filter>Source Files</Filter>
    </ClCompile>
    <ClCompile Include="zrcolaabout.cpp">
      <Filter>Source Files</Filter>
    </ClCompile>
    <ClCompile Include="zrcolaupdater.cpp">
      <Filter>Source Files</Filter>
    </ClCompile>
    <ClCompile Include="zrcolachrreq.cpp">
      <Filter>Source Files</Filter>
    </ClCompile>
    <ClCompile Include="zrcolatranseq.cpp">
      <Filter>Source Files</Filter>
    </ClCompile>
  </ItemGroup>
  <ItemGroup>
    <ClInclude Include="stdafx.h">
      <Filter>Header Files</Filter>
    </ClInclude>
    <ClInclude Include="zrcolaapp.h">
      <Filter>Header Files</Filter>
    </ClInclude>
    <ClInclude Include="zrcolagui.h">
      <Filter>Header Files</Filter>
    </ClInclude>
    <ClInclude Include="zrcolacomppnl.h">
      <Filter>Header Files</Filter>
    </ClInclude>
    <ClInclude Include="zrcolafrm.h">
      <Filter>Header Files</Filter>
    </ClInclude>
    <ClInclude Include="zrcolakeyhndlr.h">
      <Filter>Header Files</Filter>
    </ClInclude>
    <ClInclude Include="zrcolachrgrid.h">
      <Filter>Header Files</Filter>
    </ClInclude>
    <ClInclude Include="zrcolachrcatpnl.h">
      <Filter>Header Files</Filter>
    </ClInclude>
    <ClInclude Include="zrcolachrslct.h">
      <Filter>Header Files</Filter>
    </ClInclude>
    <ClInclude Include="zrcolasettings.h">
      <Filter>Header Files</Filter>
    </ClInclude>
    <ClInclude Include="zrcolaabout.h">
      <Filter>Header Files</Filter>
    </ClInclude>
    <ClInclude Include="zrcolaupdater.h">
      <Filter>Header Files</Filter>
    </ClInclude>
    <ClInclude Include="zrcolachrreq.h">
      <Filter>Header Files</Filter>
    </ClInclude>
    <ClInclude Include="zrcolatranseq.h">
      <Filter>Header Files</Filter>
    </ClInclude>
  </ItemGroup>
  <ItemGroup>
    <None Include="res\zrcola.ico">
      <Filter>Resource Files</Filter>
    </None>
    <None Include="res\send_abort.ico">
      <Filter>Resource Files</Filter>
    </None>
    <None Include="res\send_composed.ico">
      <Filter>Resource Files</Filter>
    </None>
    <None Include="res\send_decomposed.ico">
      <Filter>Resource Files</Filter>
    </None>
    <None Include="res\edit_copy.ico">
      <Filter>Resource Files</Filter>
    </None>
    <None Include="res\edit_cut.ico">
      <Filter>Resource Files</Filter>
    </None>
    <None Include="res\edit_paste.ico">
      <Filter>Resource Files</Filter>
    </None>
    <None Include="ZRCola.fbp">
      <Filter>Resource Files</Filter>
    </None>
    <None Include="res\char_select.ico">
      <Filter>Resource Files</Filter>
    </None>
    <None Include="locale\ZRCola.pot">
      <Filter>Resource Files\Localization</Filter>
    </None>
    <None Include="res\navigate_back.ico">
      <Filter>Resource Files</Filter>
    </None>
    <None Include="res\navigate_forward.ico">
      <Filter>Resource Files</Filter>
    </None>
    <None Include="res\copy_composed_and_return.ico">
      <Filter>Resource Files</Filter>
    </None>
    <None Include="res\copy_decomposed_and_return.ico">
      <Filter>Resource Files</Filter>
    </None>
  </ItemGroup>
  <ItemGroup>
    <ResourceCompile Include="ZRCola.rc">
      <Filter>Resource Files</Filter>
    </ResourceCompile>
  </ItemGroup>
  <ItemGroup>
    <POCompile Include="locale\sl_SI.po">
      <Filter>Resource Files\Localization</Filter>
    </POCompile>
    <POCompile Include="locale\de_DE.po">
      <Filter>Resource Files\Localization</Filter>
    </POCompile>
    <POCompile Include="locale\ru_RU.po">
      <Filter>Resource Files\Localization</Filter>
    </POCompile>
  </ItemGroup>
</Project>